
Microsoft Visual Studio Solution File, Format Version 12.00
# Visual Studio Version 17
VisualStudioVersion = 17.2.32616.157
MinimumVisualStudioVersion = 10.0.40219.1
Project("{9A19103F-16F7-4668-BE54-9A1E7A4F7556}") = "1. Wprowadzenie", "Wyświetlanie katalagów\1. Wprowadzenie.csproj", "{F732494C-71AF-488D-A738-57EFF22E9DCF}"
EndProject
Project("{9A19103F-16F7-4668-BE54-9A1E7A4F7556}") = "2. Funkcje", "Funkcje\2. Funkcje.csproj", "{B896F64F-593D-453B-98D8-20BAEE91F83E}"
EndProject
Project("{9A19103F-16F7-4668-BE54-9A1E7A4F7556}") = "3. Zapytania", "3. Zapytania\3. Zapytania.csproj", "{BFDC801C-BAFB-4AA8-B19D-6A74CD24E43E}"
EndProject
Project("{FAE04EC0-301F-11D3-BF4B-00C04F79EFBC}") = "Samochody", "Samochody\Samochody.csproj", "{3D7CE149-F0F1-466F-B478-EE93E0211B29}"
EndProject
Global
	GlobalSection(SolutionConfigurationPlatforms) = preSolution
		Debug|Any CPU = Debug|Any CPU
		Release|Any CPU = Release|Any CPU
	EndGlobalSection
	GlobalSection(ProjectConfigurationPlatforms) = postSolution
		{F732494C-71AF-488D-A738-57EFF22E9DCF}.Debug|Any CPU.ActiveCfg = Debug|Any CPU
		{F732494C-71AF-488D-A738-57EFF22E9DCF}.Debug|Any CPU.Build.0 = Debug|Any CPU
		{F732494C-71AF-488D-A738-57EFF22E9DCF}.Release|Any CPU.ActiveCfg = Release|Any CPU
		{F732494C-71AF-488D-A738-57EFF22E9DCF}.Release|Any CPU.Build.0 = Release|Any CPU
		{B896F64F-593D-453B-98D8-20BAEE91F83E}.Debug|Any CPU.ActiveCfg = Debug|Any CPU
		{B896F64F-593D-453B-98D8-20BAEE91F83E}.Debug|Any CPU.Build.0 = Debug|Any CPU
		{B896F64F-593D-453B-98D8-20BAEE91F83E}.Release|Any CPU.ActiveCfg = Release|Any CPU
		{B896F64F-593D-453B-98D8-20BAEE91F83E}.Release|Any CPU.Build.0 = Release|Any CPU
		{BFDC801C-BAFB-4AA8-B19D-6A74CD24E43E}.Debug|Any CPU.ActiveCfg = Debug|Any CPU
		{BFDC801C-BAFB-4AA8-B19D-6A74CD24E43E}.Debug|Any CPU.Build.0 = Debug|Any CPU
		{BFDC801C-BAFB-4AA8-B19D-6A74CD24E43E}.Release|Any CPU.ActiveCfg = Release|Any CPU
		{BFDC801C-BAFB-4AA8-B19D-6A74CD24E43E}.Release|Any CPU.Build.0 = Release|Any CPU
		{3D7CE149-F0F1-466F-B478-EE93E0211B29}.Debug|Any CPU.ActiveCfg = Debug|Any CPU
		{3D7CE149-F0F1-466F-B478-EE93E0211B29}.Debug|Any CPU.Build.0 = Debug|Any CPU
		{3D7CE149-F0F1-466F-B478-EE93E0211B29}.Release|Any CPU.ActiveCfg = Release|Any CPU
		{3D7CE149-F0F1-466F-B478-EE93E0211B29}.Release|Any CPU.Build.0 = Release|Any CPU
	EndGlobalSection
	GlobalSection(SolutionProperties) = preSolution
		HideSolutionNode = FALSE
	EndGlobalSection
	GlobalSection(ExtensibilityGlobals) = postSolution
		SolutionGuid = {D3310A08-AD7E-460E-920B-3D7B1527AB57}
	EndGlobalSection
EndGlobal
